{
    "_readme": [
        "This file locks the dependencies of your project to a known state",
        "Read more about it at https://getcomposer.org/doc/01-basic-usage.md#installing-dependencies",
        "This file is @generated automatically"
    ],
    "content-hash": "e579d6a912e20d1c609148c7a903bdf5",
    "packages": [
        {
            "name": "myclabs/php-enum",
            "version": "1.8.3",
            "source": {
                "type": "git",
                "url": "https://github.com/myclabs/php-enum.git",
                "reference": "b942d263c641ddb5190929ff840c68f78713e937"
            },
            "dist": {
                "type": "zip",
                "url": "https://api.github.com/repos/myclabs/php-enum/zipball/b942d263c641ddb5190929ff840c68f78713e937",
                "reference": "b942d263c641ddb5190929ff840c68f78713e937",
                "shasum": ""
            },
            "require": {
                "ext-json": "*",
                "php": "^7.3 || ^8.0"
            },
            "require-dev": {
                "phpunit/phpunit": "^9.5",
                "squizlabs/php_codesniffer": "1.*",
                "vimeo/psalm": "^4.6.2"
            },
            "type": "library",
            "autoload": {
                "psr-4": {
                    "MyCLabs\\Enum\\": "src/"
                }
            },
            "notification-url": "https://packagist.org/downloads/",
            "license": [
                "MIT"
            ],
            "authors": [
                {
                    "name": "PHP Enum contributors",
                    "homepage": "https://github.com/myclabs/php-enum/graphs/contributors"
                }
            ],
            "description": "PHP Enum implementation",
            "homepage": "http://github.com/myclabs/php-enum",
            "keywords": [
                "enum"
            ],
            "support": {
                "issues": "https://github.com/myclabs/php-enum/issues",
                "source": "https://github.com/myclabs/php-enum/tree/1.8.3"
            },
            "funding": [
                {
                    "url": "https://github.com/mnapoli",
                    "type": "github"
                },
                {
                    "url": "https://tidelift.com/funding/github/packagist/myclabs/php-enum",
                    "type": "tidelift"
                }
            ],
            "time": "2021-07-05T08:18:36+00:00"
        },
        {
            "name": "symfony/deprecation-contracts",
            "version": "v3.5.1",
            "source": {
                "type": "git",
                "url": "https://github.com/symfony/deprecation-contracts.git",
                "reference": "74c71c939a79f7d5bf3c1ce9f5ea37ba0114c6f6"
            },
            "dist": {
                "type": "zip",
                "url": "https://api.github.com/repos/symfony/deprecation-contracts/zipball/74c71c939a79f7d5bf3c1ce9f5ea37ba0114c6f6",
                "reference": "74c71c939a79f7d5bf3c1ce9f5ea37ba0114c6f6",
                "shasum": ""
            },
            "require": {
                "php": ">=8.1"
            },
            "type": "library",
            "extra": {
                "thanks": {
                    "url": "https://github.com/symfony/contracts",
                    "name": "symfony/contracts"
                },
                "branch-alias": {
                    "dev-main": "3.5-dev"
                }
            },
            "autoload": {
                "files": [
                    "function.php"
                ]
            },
            "notification-url": "https://packagist.org/downloads/",
            "license": [
                "MIT"
            ],
            "authors": [
                {
                    "name": "Nicolas Grekas",
                    "email": "p@tchwork.com"
                },
                {
                    "name": "Symfony Community",
                    "homepage": "https://symfony.com/contributors"
                }
            ],
            "description": "A generic function and convention to trigger deprecation notices",
            "homepage": "https://symfony.com",
            "support": {
                "source": "https://github.com/symfony/deprecation-contracts/tree/v3.5.1"
            },
            "funding": [
                {
                    "url": "https://symfony.com/sponsor",
                    "type": "custom"
                },
                {
                    "url": "https://github.com/fabpot",
                    "type": "github"
                },
                {
                    "url": "https://tidelift.com/funding/github/packagist/symfony/symfony",
                    "type": "tidelift"
                }
            ],
            "time": "2024-09-25T14:20:29+00:00"
        },
        {
            "name": "symfony/polyfill-ctype",
            "version": "v1.31.0",
            "source": {
                "type": "git",
                "url": "https://github.com/symfony/polyfill-ctype.git",
                "reference": "a3cc8b044a6ea513310cbd48ef7333b384945638"
            },
            "dist": {
                "type": "zip",
                "url": "https://api.github.com/repos/symfony/polyfill-ctype/zipball/a3cc8b044a6ea513310cbd48ef7333b384945638",
                "reference": "a3cc8b044a6ea513310cbd48ef7333b384945638",
                "shasum": ""
            },
            "require": {
                "php": ">=7.2"
            },
            "provide": {
                "ext-ctype": "*"
            },
            "suggest": {
                "ext-ctype": "For best performance"
            },
            "type": "library",
            "extra": {
                "thanks": {
                    "url": "https://github.com/symfony/polyfill",
                    "name": "symfony/polyfill"
                }
            },
            "autoload": {
                "files": [
                    "bootstrap.php"
                ],
                "psr-4": {
                    "Symfony\\Polyfill\\Ctype\\": ""
                }
            },
            "notification-url": "https://packagist.org/downloads/",
            "license": [
                "MIT"
            ],
            "authors": [
                {
                    "name": "Gert de Pagter",
                    "email": "BackEndTea@gmail.com"
                },
                {
                    "name": "Symfony Community",
                    "homepage": "https://symfony.com/contributors"
                }
            ],
            "description": "Symfony polyfill for ctype functions",
            "homepage": "https://symfony.com",
            "keywords": [
                "compatibility",
                "ctype",
                "polyfill",
                "portable"
            ],
            "support": {
                "source": "https://github.com/symfony/polyfill-ctype/tree/v1.31.0"
            },
            "funding": [
                {
                    "url": "https://symfony.com/sponsor",
                    "type": "custom"
                },
                {
                    "url": "https://github.com/fabpot",
                    "type": "github"
                },
                {
                    "url": "https://tidelift.com/funding/github/packagist/symfony/symfony",
                    "type": "tidelift"
                }
            ],
            "time": "2024-09-09T11:45:10+00:00"
        },
        {
            "name": "symfony/polyfill-intl-grapheme",
            "version": "v1.25.0",
            "source": {
                "type": "git",
                "url": "https://github.com/symfony/polyfill-intl-grapheme.git",
                "reference": "81b86b50cf841a64252b439e738e97f4a34e2783"
            },
            "dist": {
                "type": "zip",
                "url": "https://api.github.com/repos/symfony/polyfill-intl-grapheme/zipball/81b86b50cf841a64252b439e738e97f4a34e2783",
                "reference": "81b86b50cf841a64252b439e738e97f4a34e2783",
                "shasum": ""
            },
            "require": {
                "php": ">=7.1"
            },
            "suggest": {
                "ext-intl": "For best performance"
            },
            "type": "library",
            "extra": {
                "branch-alias": {
                    "dev-main": "1.23-dev"
                },
                "thanks": {
                    "name": "symfony/polyfill",
                    "url": "https://github.com/symfony/polyfill"
                }
            },
            "autoload": {
                "files": [
                    "bootstrap.php"
                ],
                "psr-4": {
                    "Symfony\\Polyfill\\Intl\\Grapheme\\": ""
                }
            },
            "notification-url": "https://packagist.org/downloads/",
            "license": [
                "MIT"
            ],
            "authors": [
                {
                    "name": "Nicolas Grekas",
                    "email": "p@tchwork.com"
                },
                {
                    "name": "Symfony Community",
                    "homepage": "https://symfony.com/contributors"
                }
            ],
            "description": "Symfony polyfill for intl's grapheme_* functions",
            "homepage": "https://symfony.com",
            "keywords": [
                "compatibility",
                "grapheme",
                "intl",
                "polyfill",
                "portable",
                "shim"
            ],
            "support": {
                "source": "https://github.com/symfony/polyfill-intl-grapheme/tree/v1.25.0"
            },
            "funding": [
                {
                    "url": "https://symfony.com/sponsor",
                    "type": "custom"
                },
                {
                    "url": "https://github.com/fabpot",
                    "type": "github"
                },
                {
                    "url": "https://tidelift.com/funding/github/packagist/symfony/symfony",
                    "type": "tidelift"
                }
            ],
            "time": "2021-11-23T21:10:46+00:00"
        },
        {
            "name": "symfony/polyfill-intl-normalizer",
            "version": "v1.25.0",
            "source": {
                "type": "git",
                "url": "https://github.com/symfony/polyfill-intl-normalizer.git",
                "reference": "8590a5f561694770bdcd3f9b5c69dde6945028e8"
            },
            "dist": {
                "type": "zip",
                "url": "https://api.github.com/repos/symfony/polyfill-intl-normalizer/zipball/8590a5f561694770bdcd3f9b5c69dde6945028e8",
                "reference": "8590a5f561694770bdcd3f9b5c69dde6945028e8",
                "shasum": ""
            },
            "require": {
                "php": ">=7.1"
            },
            "suggest": {
                "ext-intl": "For best performance"
            },
            "type": "library",
            "extra": {
                "branch-alias": {
                    "dev-main": "1.23-dev"
                },
                "thanks": {
                    "name": "symfony/polyfill",
                    "url": "https://github.com/symfony/polyfill"
                }
            },
            "autoload": {
                "files": [
                    "bootstrap.php"
                ],
                "psr-4": {
                    "Symfony\\Polyfill\\Intl\\Normalizer\\": ""
                },
                "classmap": [
                    "Resources/stubs"
                ]
            },
            "notification-url": "https://packagist.org/downloads/",
            "license": [
                "MIT"
            ],
            "authors": [
                {
                    "name": "Nicolas Grekas",
                    "email": "p@tchwork.com"
                },
                {
                    "name": "Symfony Community",
                    "homepage": "https://symfony.com/contributors"
                }
            ],
            "description": "Symfony polyfill for intl's Normalizer class and related functions",
            "homepage": "https://symfony.com",
            "keywords": [
                "compatibility",
                "intl",
                "normalizer",
                "polyfill",
                "portable",
                "shim"
            ],
            "support": {
                "source": "https://github.com/symfony/polyfill-intl-normalizer/tree/v1.25.0"
            },
            "funding": [
                {
                    "url": "https://symfony.com/sponsor",
                    "type": "custom"
                },
                {
                    "url": "https://github.com/fabpot",
                    "type": "github"
                },
                {
                    "url": "https://tidelift.com/funding/github/packagist/symfony/symfony",
                    "type": "tidelift"
                }
            ],
            "time": "2021-02-19T12:13:01+00:00"
        },
        {
            "name": "symfony/polyfill-mbstring",
            "version": "v1.31.0",
            "source": {
                "type": "git",
                "url": "https://github.com/symfony/polyfill-mbstring.git",
                "reference": "85181ba99b2345b0ef10ce42ecac37612d9fd341"
            },
            "dist": {
                "type": "zip",
                "url": "https://api.github.com/repos/symfony/polyfill-mbstring/zipball/85181ba99b2345b0ef10ce42ecac37612d9fd341",
                "reference": "85181ba99b2345b0ef10ce42ecac37612d9fd341",
                "shasum": ""
            },
            "require": {
                "php": ">=7.2"
            },
            "provide": {
                "ext-mbstring": "*"
            },
            "suggest": {
                "ext-mbstring": "For best performance"
            },
            "type": "library",
            "extra": {
                "thanks": {
                    "url": "https://github.com/symfony/polyfill",
                    "name": "symfony/polyfill"
                }
            },
            "autoload": {
                "files": [
                    "bootstrap.php"
                ],
                "psr-4": {
                    "Symfony\\Polyfill\\Mbstring\\": ""
                }
            },
            "notification-url": "https://packagist.org/downloads/",
            "license": [
                "MIT"
            ],
            "authors": [
                {
                    "name": "Nicolas Grekas",
                    "email": "p@tchwork.com"
                },
                {
                    "name": "Symfony Community",
                    "homepage": "https://symfony.com/contributors"
                }
            ],
            "description": "Symfony polyfill for the Mbstring extension",
            "homepage": "https://symfony.com",
            "keywords": [
                "compatibility",
                "mbstring",
                "polyfill",
                "portable",
                "shim"
            ],
            "support": {
                "source": "https://github.com/symfony/polyfill-mbstring/tree/v1.31.0"
            },
            "funding": [
                {
                    "url": "https://symfony.com/sponsor",
                    "type": "custom"
                },
                {
                    "url": "https://github.com/fabpot",
                    "type": "github"
                },
                {
                    "url": "https://tidelift.com/funding/github/packagist/symfony/symfony",
                    "type": "tidelift"
                }
            ],
            "time": "2024-09-09T11:45:10+00:00"
        },
        {
            "name": "symfony/polyfill-php83",
            "version": "v1.31.0",
            "source": {
                "type": "git",
                "url": "https://github.com/symfony/polyfill-php83.git",
                "reference": "2fb86d65e2d424369ad2905e83b236a8805ba491"
            },
            "dist": {
                "type": "zip",
                "url": "https://api.github.com/repos/symfony/polyfill-php83/zipball/2fb86d65e2d424369ad2905e83b236a8805ba491",
                "reference": "2fb86d65e2d424369ad2905e83b236a8805ba491",
                "shasum": ""
            },
            "require": {
                "php": ">=7.2"
            },
            "type": "library",
            "extra": {
                "thanks": {
                    "url": "https://github.com/symfony/polyfill",
                    "name": "symfony/polyfill"
                }
            },
            "autoload": {
                "files": [
                    "bootstrap.php"
                ],
                "psr-4": {
                    "Symfony\\Polyfill\\Php83\\": ""
                },
                "classmap": [
                    "Resources/stubs"
                ]
            },
            "notification-url": "https://packagist.org/downloads/",
            "license": [
                "MIT"
            ],
            "authors": [
                {
                    "name": "Nicolas Grekas",
                    "email": "p@tchwork.com"
                },
                {
                    "name": "Symfony Community",
                    "homepage": "https://symfony.com/contributors"
                }
            ],
            "description": "Symfony polyfill backporting some PHP 8.3+ features to lower PHP versions",
            "homepage": "https://symfony.com",
            "keywords": [
                "compatibility",
                "polyfill",
                "portable",
                "shim"
            ],
            "support": {
                "source": "https://github.com/symfony/polyfill-php83/tree/v1.31.0"
            },
            "funding": [
                {
                    "url": "https://symfony.com/sponsor",
                    "type": "custom"
                },
                {
                    "url": "https://github.com/fabpot",
                    "type": "github"
                },
                {
                    "url": "https://tidelift.com/funding/github/packagist/symfony/symfony",
                    "type": "tidelift"
                }
            ],
            "time": "2024-09-09T11:45:10+00:00"
        },
        {
            "name": "symfony/property-access",
            "version": "v6.0.8",
            "source": {
                "type": "git",
                "url": "https://github.com/symfony/property-access.git",
                "reference": "e5ac708a97933e9680b81b92eb90a5e301490d72"
            },
            "dist": {
                "type": "zip",
                "url": "https://api.github.com/repos/symfony/property-access/zipball/e5ac708a97933e9680b81b92eb90a5e301490d72",
                "reference": "e5ac708a97933e9680b81b92eb90a5e301490d72",
                "shasum": ""
            },
            "require": {
                "php": ">=8.0.2",
                "symfony/property-info": "^5.4|^6.0"
            },
            "require-dev": {
                "symfony/cache": "^5.4|^6.0"
            },
            "suggest": {
                "psr/cache-implementation": "To cache access methods."
            },
            "type": "library",
            "autoload": {
                "psr-4": {
                    "Symfony\\Component\\PropertyAccess\\": ""
                },
                "exclude-from-classmap": [
                    "/Tests/"
                ]
            },
            "notification-url": "https://packagist.org/downloads/",
            "license": [
                "MIT"
            ],
            "authors": [
                {
                    "name": "Fabien Potencier",
                    "email": "fabien@symfony.com"
                },
                {
                    "name": "Symfony Community",
                    "homepage": "https://symfony.com/contributors"
                }
            ],
            "description": "Provides functions to read and write from/to an object or array using a simple string notation",
            "homepage": "https://symfony.com",
            "keywords": [
                "access",
                "array",
                "extraction",
                "index",
                "injection",
                "object",
                "property",
                "property path",
                "reflection"
            ],
            "support": {
                "source": "https://github.com/symfony/property-access/tree/v6.0.8"
            },
            "funding": [
                {
                    "url": "https://symfony.com/sponsor",
                    "type": "custom"
                },
                {
                    "url": "https://github.com/fabpot",
                    "type": "github"
                },
                {
                    "url": "https://tidelift.com/funding/github/packagist/symfony/symfony",
                    "type": "tidelift"
                }
            ],
            "time": "2022-04-20T15:01:42+00:00"
        },
        {
            "name": "symfony/property-info",
            "version": "v6.0.7",
            "source": {
                "type": "git",
                "url": "https://github.com/symfony/property-info.git",
                "reference": "0f26f0870f05d65d5c06681ecbf36e546204f4b5"
            },
            "dist": {
                "type": "zip",
                "url": "https://api.github.com/repos/symfony/property-info/zipball/0f26f0870f05d65d5c06681ecbf36e546204f4b5",
                "reference": "0f26f0870f05d65d5c06681ecbf36e546204f4b5",
                "shasum": ""
            },
            "require": {
                "php": ">=8.0.2",
                "symfony/string": "^5.4|^6.0"
            },
            "conflict": {
                "phpdocumentor/reflection-docblock": "<5.2",
                "phpdocumentor/type-resolver": "<1.4.0",
                "symfony/dependency-injection": "<5.4"
            },
            "require-dev": {
                "doctrine/annotations": "^1.10.4",
                "phpdocumentor/reflection-docblock": "^5.2",
                "phpstan/phpdoc-parser": "^1.0",
                "symfony/cache": "^5.4|^6.0",
                "symfony/dependency-injection": "^5.4|^6.0",
                "symfony/serializer": "^5.4|^6.0"
            },
            "suggest": {
                "phpdocumentor/reflection-docblock": "To use the PHPDoc",
                "psr/cache-implementation": "To cache results",
                "symfony/doctrine-bridge": "To use Doctrine metadata",
                "symfony/serializer": "To use Serializer metadata"
            },
            "type": "library",
            "autoload": {
                "psr-4": {
                    "Symfony\\Component\\PropertyInfo\\": ""
                },
                "exclude-from-classmap": [
                    "/Tests/"
                ]
            },
            "notification-url": "https://packagist.org/downloads/",
            "license": [
                "MIT"
            ],
            "authors": [
                {
                    "name": "Kévin Dunglas",
                    "email": "dunglas@gmail.com"
                },
                {
                    "name": "Symfony Community",
                    "homepage": "https://symfony.com/contributors"
                }
            ],
            "description": "Extracts information about PHP class' properties using metadata of popular sources",
            "homepage": "https://symfony.com",
            "keywords": [
                "doctrine",
                "phpdoc",
                "property",
                "symfony",
                "type",
                "validator"
            ],
            "support": {
                "source": "https://github.com/symfony/property-info/tree/v6.0.7"
            },
            "funding": [
                {
                    "url": "https://symfony.com/sponsor",
                    "type": "custom"
                },
                {
                    "url": "https://github.com/fabpot",
                    "type": "github"
                },
                {
                    "url": "https://tidelift.com/funding/github/packagist/symfony/symfony",
                    "type": "tidelift"
                }
            ],
            "time": "2022-03-31T17:18:25+00:00"
        },
        {
            "name": "symfony/string",
            "version": "v6.0.8",
            "source": {
                "type": "git",
                "url": "https://github.com/symfony/string.git",
                "reference": "ac0aa5c2282e0de624c175b68d13f2c8f2e2649d"
            },
            "dist": {
                "type": "zip",
                "url": "https://api.github.com/repos/symfony/string/zipball/ac0aa5c2282e0de624c175b68d13f2c8f2e2649d",
                "reference": "ac0aa5c2282e0de624c175b68d13f2c8f2e2649d",
                "shasum": ""
            },
            "require": {
                "php": ">=8.0.2",
                "symfony/polyfill-ctype": "~1.8",
                "symfony/polyfill-intl-grapheme": "~1.0",
                "symfony/polyfill-intl-normalizer": "~1.0",
                "symfony/polyfill-mbstring": "~1.0"
            },
            "conflict": {
                "symfony/translation-contracts": "<2.0"
            },
            "require-dev": {
                "symfony/error-handler": "^5.4|^6.0",
                "symfony/http-client": "^5.4|^6.0",
                "symfony/translation-contracts": "^2.0|^3.0",
                "symfony/var-exporter": "^5.4|^6.0"
            },
            "type": "library",
            "autoload": {
                "files": [
                    "Resources/functions.php"
                ],
                "psr-4": {
                    "Symfony\\Component\\String\\": ""
                },
                "exclude-from-classmap": [
                    "/Tests/"
                ]
            },
            "notification-url": "https://packagist.org/downloads/",
            "license": [
                "MIT"
            ],
            "authors": [
                {
                    "name": "Nicolas Grekas",
                    "email": "p@tchwork.com"
                },
                {
                    "name": "Symfony Community",
                    "homepage": "https://symfony.com/contributors"
                }
            ],
            "description": "Provides an object-oriented API to strings and deals with bytes, UTF-8 code points and grapheme clusters in a unified way",
            "homepage": "https://symfony.com",
            "keywords": [
                "grapheme",
                "i18n",
                "string",
                "unicode",
                "utf-8",
                "utf8"
            ],
            "support": {
                "source": "https://github.com/symfony/string/tree/v6.0.8"
            },
            "funding": [
                {
                    "url": "https://symfony.com/sponsor",
                    "type": "custom"
                },
                {
                    "url": "https://github.com/fabpot",
                    "type": "github"
                },
                {
                    "url": "https://tidelift.com/funding/github/packagist/symfony/symfony",
                    "type": "tidelift"
                }
            ],
            "time": "2022-04-22T08:18:02+00:00"
        },
        {
            "name": "symfony/translation-contracts",
            "version": "v3.5.1",
            "source": {
                "type": "git",
                "url": "https://github.com/symfony/translation-contracts.git",
                "reference": "4667ff3bd513750603a09c8dedbea942487fb07c"
            },
            "dist": {
                "type": "zip",
                "url": "https://api.github.com/repos/symfony/translation-contracts/zipball/4667ff3bd513750603a09c8dedbea942487fb07c",
                "reference": "4667ff3bd513750603a09c8dedbea942487fb07c",
                "shasum": ""
            },
            "require": {
                "php": ">=8.1"
            },
            "type": "library",
            "extra": {
                "thanks": {
                    "url": "https://github.com/symfony/contracts",
                    "name": "symfony/contracts"
                },
                "branch-alias": {
                    "dev-main": "3.5-dev"
                }
            },
            "autoload": {
                "psr-4": {
                    "Symfony\\Contracts\\Translation\\": ""
                },
                "exclude-from-classmap": [
                    "/Test/"
                ]
            },
            "notification-url": "https://packagist.org/downloads/",
            "license": [
                "MIT"
            ],
            "authors": [
                {
                    "name": "Nicolas Grekas",
                    "email": "p@tchwork.com"
                },
                {
                    "name": "Symfony Community",
                    "homepage": "https://symfony.com/contributors"
                }
            ],
            "description": "Generic abstractions related to translation",
            "homepage": "https://symfony.com",
            "keywords": [
                "abstractions",
                "contracts",
                "decoupling",
                "interfaces",
                "interoperability",
                "standards"
            ],
            "support": {
                "source": "https://github.com/symfony/translation-contracts/tree/v3.5.1"
            },
            "funding": [
                {
                    "url": "https://symfony.com/sponsor",
                    "type": "custom"
                },
                {
                    "url": "https://github.com/fabpot",
                    "type": "github"
                },
                {
                    "url": "https://tidelift.com/funding/github/packagist/symfony/symfony",
                    "type": "tidelift"
                }
            ],
            "time": "2024-09-25T14:20:29+00:00"
        },
        {
            "name": "symfony/validator",
            "version": "v6.4.11",
            "source": {
                "type": "git",
                "url": "https://github.com/symfony/validator.git",
                "reference": "4ff41cf10af1de99ad92895411b55c9f309bc2d8"
            },
            "dist": {
                "type": "zip",
                "url": "https://api.github.com/repos/symfony/validator/zipball/4ff41cf10af1de99ad92895411b55c9f309bc2d8",
                "reference": "4ff41cf10af1de99ad92895411b55c9f309bc2d8",
                "shasum": ""
            },
            "require": {
                "php": ">=8.1",
                "symfony/deprecation-contracts": "^2.5|^3",
                "symfony/polyfill-ctype": "~1.8",
                "symfony/polyfill-mbstring": "~1.0",
                "symfony/polyfill-php83": "^1.27",
                "symfony/translation-contracts": "^2.5|^3"
            },
            "conflict": {
                "doctrine/annotations": "<1.13",
                "doctrine/lexer": "<1.1",
                "symfony/dependency-injection": "<5.4",
                "symfony/expression-language": "<5.4",
                "symfony/http-kernel": "<5.4",
                "symfony/intl": "<5.4",
                "symfony/property-info": "<5.4",
                "symfony/translation": "<5.4.35|>=6.0,<6.3.12|>=6.4,<6.4.3|>=7.0,<7.0.3",
                "symfony/yaml": "<5.4"
            },
            "require-dev": {
                "doctrine/annotations": "^1.13|^2",
                "egulias/email-validator": "^2.1.10|^3|^4",
                "symfony/cache": "^5.4|^6.0|^7.0",
                "symfony/config": "^5.4|^6.0|^7.0",
                "symfony/console": "^5.4|^6.0|^7.0",
                "symfony/dependency-injection": "^5.4|^6.0|^7.0",
                "symfony/expression-language": "^5.4|^6.0|^7.0",
                "symfony/finder": "^5.4|^6.0|^7.0",
                "symfony/http-client": "^5.4|^6.0|^7.0",
                "symfony/http-foundation": "^5.4|^6.0|^7.0",
                "symfony/http-kernel": "^5.4|^6.0|^7.0",
                "symfony/intl": "^5.4|^6.0|^7.0",
                "symfony/mime": "^5.4|^6.0|^7.0",
                "symfony/property-access": "^5.4|^6.0|^7.0",
                "symfony/property-info": "^5.4|^6.0|^7.0",
                "symfony/translation": "^5.4.35|~6.3.12|^6.4.3|^7.0.3",
                "symfony/yaml": "^5.4|^6.0|^7.0"
            },
            "type": "library",
            "autoload": {
                "psr-4": {
                    "Symfony\\Component\\Validator\\": ""
                },
                "exclude-from-classmap": [
                    "/Tests/",
                    "/Resources/bin/"
                ]
            },
            "notification-url": "https://packagist.org/downloads/",
            "license": [
                "MIT"
            ],
            "authors": [
                {
                    "name": "Fabien Potencier",
                    "email": "fabien@symfony.com"
                },
                {
                    "name": "Symfony Community",
                    "homepage": "https://symfony.com/contributors"
                }
            ],
            "description": "Provides tools to validate values",
            "homepage": "https://symfony.com",
            "support": {
                "source": "https://github.com/symfony/validator/tree/v6.4.11"
            },
            "funding": [
                {
                    "url": "https://symfony.com/sponsor",
                    "type": "custom"
                },
                {
                    "url": "https://github.com/fabpot",
                    "type": "github"
                },
                {
                    "url": "https://tidelift.com/funding/github/packagist/symfony/symfony",
                    "type": "tidelift"
                }
            ],
            "time": "2024-08-30T15:57:55+00:00"
        }
    ],
    "packages-dev": [],
    "aliases": [],
    "minimum-stability": "stable",
    "stability-flags": [],
    "prefer-stable": false,
    "prefer-lowest": false,
    "platform": [],
    "platform-dev": [],
    "plugin-api-version": "2.3.0"
}
