{
    "_readme": [
        "This file locks the dependencies of your project to a known state",
        "Read more about it at https://getcomposer.org/doc/01-basic-usage.md#installing-dependencies",
        "This file is @generated automatically"
    ],
    "content-hash": "66c871cd22d35354414d9fe906b7182c",
    "packages": [
        {
            "name": "cmixin/business-day",
            "version": "1.16.5",
            "source": {
                "type": "git",
                "url": "https://github.com/kylekatarnls/business-day.git",
                "reference": "d4626a67bc9eca027a39e14a7fbeba180b58ad65"
            },
            "dist": {
                "type": "zip",
                "url": "https://api.github.com/repos/kylekatarnls/business-day/zipball/d4626a67bc9eca027a39e14a7fbeba180b58ad65",
                "reference": "d4626a67bc9eca027a39e14a7fbeba180b58ad65",
                "shasum": ""
            },
            "require": {
                "nesbot/carbon": "^2.29 || ^3@dev",
                "php": ">=7.1"
            },
            "require-dev": {
                "phpunit/phpunit": "^7.5.20 || ^8.5.31"
            },
            "type": "library",
            "extra": {
                "branch-alias": {
                    "dev-master": "1.x-dev"
                },
                "laravel": {
                    "providers": [
                        "Cmixin\\BusinessDay\\Laravel\\ServiceProvider"
                    ]
                }
            },
            "autoload": {
                "psr-4": {
                    "Cmixin\\": "src/Cmixin/"
                }
            },
            "notification-url": "https://packagist.org/downloads/",
            "license": [
                "MIT"
            ],
            "authors": [
                {
                    "name": "KyleKatarn",
                    "email": "carbon@selfbuild.fr"
                }
            ],
            "description": "Carbon mixin to handle business days",
            "support": {
                "issues": "https://github.com/kylekatarnls/business-day/issues",
                "source": "https://github.com/kylekatarnls/business-day/tree/1.16.5"
            },
            "funding": [
                {
                    "url": "https://opencollective.com/Carbon",
                    "type": "open_collective"
                },
                {
                    "url": "https://tidelift.com/funding/github/packagist/nesbot/carbon",
                    "type": "tidelift"
                }
            ],
            "time": "2023-07-22T16:01:01+00:00"
        },
        {
            "name": "nesbot/carbon",
            "version": "2.69.0",
            "source": {
                "type": "git",
                "url": "https://github.com/briannesbitt/Carbon.git",
                "reference": "4308217830e4ca445583a37d1bf4aff4153fa81c"
            },
            "dist": {
                "type": "zip",
                "url": "https://api.github.com/repos/briannesbitt/Carbon/zipball/4308217830e4ca445583a37d1bf4aff4153fa81c",
                "reference": "4308217830e4ca445583a37d1bf4aff4153fa81c",
                "shasum": ""
            },
            "require": {
                "ext-json": "*",
                "php": "^7.1.8 || ^8.0",
                "psr/clock": "^1.0",
                "symfony/polyfill-mbstring": "^1.0",
                "symfony/polyfill-php80": "^1.16",
                "symfony/translation": "^3.4 || ^4.0 || ^5.0 || ^6.0"
            },
            "provide": {
                "psr/clock-implementation": "1.0"
            },
            "require-dev": {
                "doctrine/dbal": "^2.0 || ^3.1.4",
                "doctrine/orm": "^2.7",
                "friendsofphp/php-cs-fixer": "^3.0",
                "kylekatarnls/multi-tester": "^2.0",
                "ondrejmirtes/better-reflection": "*",
                "phpmd/phpmd": "^2.9",
                "phpstan/extension-installer": "^1.0",
                "phpstan/phpstan": "^0.12.99 || ^1.7.14",
                "phpunit/php-file-iterator": "^2.0.5 || ^3.0.6",
                "phpunit/phpunit": "^7.5.20 || ^8.5.26 || ^9.5.20",
                "squizlabs/php_codesniffer": "^3.4"
            },
            "bin": [
                "bin/carbon"
            ],
            "type": "library",
            "extra": {
                "branch-alias": {
                    "dev-3.x": "3.x-dev",
                    "dev-master": "2.x-dev"
                },
                "laravel": {
                    "providers": [
                        "Carbon\\Laravel\\ServiceProvider"
                    ]
                },
                "phpstan": {
                    "includes": [
                        "extension.neon"
                    ]
                }
            },
            "autoload": {
                "psr-4": {
                    "Carbon\\": "src/Carbon/"
                }
            },
            "notification-url": "https://packagist.org/downloads/",
            "license": [
                "MIT"
            ],
            "authors": [
                {
                    "name": "Brian Nesbitt",
                    "email": "brian@nesbot.com",
                    "homepage": "https://markido.com"
                },
                {
                    "name": "kylekatarnls",
                    "homepage": "https://github.com/kylekatarnls"
                }
            ],
            "description": "An API extension for DateTime that supports 281 different languages.",
            "homepage": "https://carbon.nesbot.com",
            "keywords": [
                "date",
                "datetime",
                "time"
            ],
            "support": {
                "docs": "https://carbon.nesbot.com/docs",
                "issues": "https://github.com/briannesbitt/Carbon/issues",
                "source": "https://github.com/briannesbitt/Carbon"
            },
            "funding": [
                {
                    "url": "https://github.com/sponsors/kylekatarnls",
                    "type": "github"
                },
                {
                    "url": "https://opencollective.com/Carbon#sponsor",
                    "type": "opencollective"
                },
                {
                    "url": "https://tidelift.com/subscription/pkg/packagist-nesbot-carbon?utm_source=packagist-nesbot-carbon&utm_medium=referral&utm_campaign=readme",
                    "type": "tidelift"
                }
            ],
            "time": "2023-08-03T09:00:52+00:00"
        },
        {
            "name": "phpstan/extension-installer",
            "version": "1.3.1",
            "source": {
                "type": "git",
                "url": "https://github.com/phpstan/extension-installer.git",
                "reference": "f45734bfb9984c6c56c4486b71230355f066a58a"
            },
            "dist": {
                "type": "zip",
                "url": "https://api.github.com/repos/phpstan/extension-installer/zipball/f45734bfb9984c6c56c4486b71230355f066a58a",
                "reference": "f45734bfb9984c6c56c4486b71230355f066a58a",
                "shasum": ""
            },
            "require": {
                "composer-plugin-api": "^2.0",
                "php": "^7.2 || ^8.0",
                "phpstan/phpstan": "^1.9.0"
            },
            "require-dev": {
                "composer/composer": "^2.0",
                "php-parallel-lint/php-parallel-lint": "^1.2.0",
                "phpstan/phpstan-strict-rules": "^0.11 || ^0.12 || ^1.0"
            },
            "type": "composer-plugin",
            "extra": {
                "class": "PHPStan\\ExtensionInstaller\\Plugin"
            },
            "autoload": {
                "psr-4": {
                    "PHPStan\\ExtensionInstaller\\": "src/"
                }
            },
            "notification-url": "https://packagist.org/downloads/",
            "license": [
                "MIT"
            ],
            "description": "Composer plugin for automatic installation of PHPStan extensions",
            "support": {
                "issues": "https://github.com/phpstan/extension-installer/issues",
                "source": "https://github.com/phpstan/extension-installer/tree/1.3.1"
            },
            "time": "2023-05-24T08:59:17+00:00"
        },
        {
            "name": "phpstan/phpstan",
            "version": "1.10.29",
            "source": {
                "type": "git",
                "url": "https://github.com/phpstan/phpstan.git",
                "reference": "ee5d8f2d3977fb09e55603eee6fb53bdd76ee9c1"
            },
            "dist": {
                "type": "zip",
                "url": "https://api.github.com/repos/phpstan/phpstan/zipball/ee5d8f2d3977fb09e55603eee6fb53bdd76ee9c1",
                "reference": "ee5d8f2d3977fb09e55603eee6fb53bdd76ee9c1",
                "shasum": ""
            },
            "require": {
                "php": "^7.2|^8.0"
            },
            "conflict": {
                "phpstan/phpstan-shim": "*"
            },
            "bin": [
                "phpstan",
                "phpstan.phar"
            ],
            "type": "library",
            "autoload": {
                "files": [
                    "bootstrap.php"
                ]
            },
            "notification-url": "https://packagist.org/downloads/",
            "license": [
                "MIT"
            ],
            "description": "PHPStan - PHP Static Analysis Tool",
            "keywords": [
                "dev",
                "static analysis"
            ],
            "support": {
                "docs": "https://phpstan.org/user-guide/getting-started",
                "forum": "https://github.com/phpstan/phpstan/discussions",
                "issues": "https://github.com/phpstan/phpstan/issues",
                "security": "https://github.com/phpstan/phpstan/security/policy",
                "source": "https://github.com/phpstan/phpstan-src"
            },
            "funding": [
                {
                    "url": "https://github.com/ondrejmirtes",
                    "type": "github"
                },
                {
                    "url": "https://github.com/phpstan",
                    "type": "github"
                },
                {
                    "url": "https://tidelift.com/funding/github/packagist/phpstan/phpstan",
                    "type": "tidelift"
                }
            ],
            "time": "2023-08-14T13:24:11+00:00"
        },
        {
            "name": "psr/clock",
            "version": "1.0.0",
            "source": {
                "type": "git",
                "url": "https://github.com/php-fig/clock.git",
                "reference": "e41a24703d4560fd0acb709162f73b8adfc3aa0d"
            },
            "dist": {
                "type": "zip",
                "url": "https://api.github.com/repos/php-fig/clock/zipball/e41a24703d4560fd0acb709162f73b8adfc3aa0d",
                "reference": "e41a24703d4560fd0acb709162f73b8adfc3aa0d",
                "shasum": ""
            },
            "require": {
                "php": "^7.0 || ^8.0"
            },
            "type": "library",
            "autoload": {
                "psr-4": {
                    "Psr\\Clock\\": "src/"
                }
            },
            "notification-url": "https://packagist.org/downloads/",
            "license": [
                "MIT"
            ],
            "authors": [
                {
                    "name": "PHP-FIG",
                    "homepage": "https://www.php-fig.org/"
                }
            ],
            "description": "Common interface for reading the clock.",
            "homepage": "https://github.com/php-fig/clock",
            "keywords": [
                "clock",
                "now",
                "psr",
                "psr-20",
                "time"
            ],
            "support": {
                "issues": "https://github.com/php-fig/clock/issues",
                "source": "https://github.com/php-fig/clock/tree/1.0.0"
            },
            "time": "2022-11-25T14:36:26+00:00"
        },
        {
            "name": "symfony/deprecation-contracts",
            "version": "v3.3.0",
            "source": {
                "type": "git",
                "url": "https://github.com/symfony/deprecation-contracts.git",
                "reference": "7c3aff79d10325257a001fcf92d991f24fc967cf"
            },
            "dist": {
                "type": "zip",
                "url": "https://api.github.com/repos/symfony/deprecation-contracts/zipball/7c3aff79d10325257a001fcf92d991f24fc967cf",
                "reference": "7c3aff79d10325257a001fcf92d991f24fc967cf",
                "shasum": ""
            },
            "require": {
                "php": ">=8.1"
            },
            "type": "library",
            "extra": {
                "branch-alias": {
                    "dev-main": "3.4-dev"
                },
                "thanks": {
                    "name": "symfony/contracts",
                    "url": "https://github.com/symfony/contracts"
                }
            },
            "autoload": {
                "files": [
                    "function.php"
                ]
            },
            "notification-url": "https://packagist.org/downloads/",
            "license": [
                "MIT"
            ],
            "authors": [
                {
                    "name": "Nicolas Grekas",
                    "email": "p@tchwork.com"
                },
                {
                    "name": "Symfony Community",
                    "homepage": "https://symfony.com/contributors"
                }
            ],
            "description": "A generic function and convention to trigger deprecation notices",
            "homepage": "https://symfony.com",
            "support": {
                "source": "https://github.com/symfony/deprecation-contracts/tree/v3.3.0"
            },
            "funding": [
                {
                    "url": "https://symfony.com/sponsor",
                    "type": "custom"
                },
                {
                    "url": "https://github.com/fabpot",
                    "type": "github"
                },
                {
                    "url": "https://tidelift.com/funding/github/packagist/symfony/symfony",
                    "type": "tidelift"
                }
            ],
            "time": "2023-05-23T14:45:45+00:00"
        },
        {
            "name": "symfony/polyfill-mbstring",
            "version": "v1.27.0",
            "source": {
                "type": "git",
                "url": "https://github.com/symfony/polyfill-mbstring.git",
                "reference": "8ad114f6b39e2c98a8b0e3bd907732c207c2b534"
            },
            "dist": {
                "type": "zip",
                "url": "https://api.github.com/repos/symfony/polyfill-mbstring/zipball/8ad114f6b39e2c98a8b0e3bd907732c207c2b534",
                "reference": "8ad114f6b39e2c98a8b0e3bd907732c207c2b534",
                "shasum": ""
            },
            "require": {
                "php": ">=7.1"
            },
            "provide": {
                "ext-mbstring": "*"
            },
            "suggest": {
                "ext-mbstring": "For best performance"
            },
            "type": "library",
            "extra": {
                "branch-alias": {
                    "dev-main": "1.27-dev"
                },
                "thanks": {
                    "name": "symfony/polyfill",
                    "url": "https://github.com/symfony/polyfill"
                }
            },
            "autoload": {
                "files": [
                    "bootstrap.php"
                ],
                "psr-4": {
                    "Symfony\\Polyfill\\Mbstring\\": ""
                }
            },
            "notification-url": "https://packagist.org/downloads/",
            "license": [
                "MIT"
            ],
            "authors": [
                {
                    "name": "Nicolas Grekas",
                    "email": "p@tchwork.com"
                },
                {
                    "name": "Symfony Community",
                    "homepage": "https://symfony.com/contributors"
                }
            ],
            "description": "Symfony polyfill for the Mbstring extension",
            "homepage": "https://symfony.com",
            "keywords": [
                "compatibility",
                "mbstring",
                "polyfill",
                "portable",
                "shim"
            ],
            "support": {
                "source": "https://github.com/symfony/polyfill-mbstring/tree/v1.27.0"
            },
            "funding": [
                {
                    "url": "https://symfony.com/sponsor",
                    "type": "custom"
                },
                {
                    "url": "https://github.com/fabpot",
                    "type": "github"
                },
                {
                    "url": "https://tidelift.com/funding/github/packagist/symfony/symfony",
                    "type": "tidelift"
                }
            ],
            "time": "2022-11-03T14:55:06+00:00"
        },
        {
            "name": "symfony/polyfill-php80",
            "version": "v1.27.0",
            "source": {
                "type": "git",
                "url": "https://github.com/symfony/polyfill-php80.git",
                "reference": "7a6ff3f1959bb01aefccb463a0f2cd3d3d2fd936"
            },
            "dist": {
                "type": "zip",
                "url": "https://api.github.com/repos/symfony/polyfill-php80/zipball/7a6ff3f1959bb01aefccb463a0f2cd3d3d2fd936",
                "reference": "7a6ff3f1959bb01aefccb463a0f2cd3d3d2fd936",
                "shasum": ""
            },
            "require": {
                "php": ">=7.1"
            },
            "type": "library",
            "extra": {
                "branch-alias": {
                    "dev-main": "1.27-dev"
                },
                "thanks": {
                    "name": "symfony/polyfill",
                    "url": "https://github.com/symfony/polyfill"
                }
            },
            "autoload": {
                "files": [
                    "bootstrap.php"
                ],
                "psr-4": {
                    "Symfony\\Polyfill\\Php80\\": ""
                },
                "classmap": [
                    "Resources/stubs"
                ]
            },
            "notification-url": "https://packagist.org/downloads/",
            "license": [
                "MIT"
            ],
            "authors": [
                {
                    "name": "Ion Bazan",
                    "email": "ion.bazan@gmail.com"
                },
                {
                    "name": "Nicolas Grekas",
                    "email": "p@tchwork.com"
                },
                {
                    "name": "Symfony Community",
                    "homepage": "https://symfony.com/contributors"
                }
            ],
            "description": "Symfony polyfill backporting some PHP 8.0+ features to lower PHP versions",
            "homepage": "https://symfony.com",
            "keywords": [
                "compatibility",
                "polyfill",
                "portable",
                "shim"
            ],
            "support": {
                "source": "https://github.com/symfony/polyfill-php80/tree/v1.27.0"
            },
            "funding": [
                {
                    "url": "https://symfony.com/sponsor",
                    "type": "custom"
                },
                {
                    "url": "https://github.com/fabpot",
                    "type": "github"
                },
                {
                    "url": "https://tidelift.com/funding/github/packagist/symfony/symfony",
                    "type": "tidelift"
                }
            ],
            "time": "2022-11-03T14:55:06+00:00"
        },
        {
            "name": "symfony/translation",
            "version": "v6.3.3",
            "source": {
                "type": "git",
                "url": "https://github.com/symfony/translation.git",
                "reference": "3ed078c54bc98bbe4414e1e9b2d5e85ed5a5c8bd"
            },
            "dist": {
                "type": "zip",
                "url": "https://api.github.com/repos/symfony/translation/zipball/3ed078c54bc98bbe4414e1e9b2d5e85ed5a5c8bd",
                "reference": "3ed078c54bc98bbe4414e1e9b2d5e85ed5a5c8bd",
                "shasum": ""
            },
            "require": {
                "php": ">=8.1",
                "symfony/deprecation-contracts": "^2.5|^3",
                "symfony/polyfill-mbstring": "~1.0",
                "symfony/translation-contracts": "^2.5|^3.0"
            },
            "conflict": {
                "symfony/config": "<5.4",
                "symfony/console": "<5.4",
                "symfony/dependency-injection": "<5.4",
                "symfony/http-client-contracts": "<2.5",
                "symfony/http-kernel": "<5.4",
                "symfony/service-contracts": "<2.5",
                "symfony/twig-bundle": "<5.4",
                "symfony/yaml": "<5.4"
            },
            "provide": {
                "symfony/translation-implementation": "2.3|3.0"
            },
            "require-dev": {
                "nikic/php-parser": "^4.13",
                "psr/log": "^1|^2|^3",
                "symfony/config": "^5.4|^6.0",
                "symfony/console": "^5.4|^6.0",
                "symfony/dependency-injection": "^5.4|^6.0",
                "symfony/finder": "^5.4|^6.0",
                "symfony/http-client-contracts": "^2.5|^3.0",
                "symfony/http-kernel": "^5.4|^6.0",
                "symfony/intl": "^5.4|^6.0",
                "symfony/polyfill-intl-icu": "^1.21",
                "symfony/routing": "^5.4|^6.0",
                "symfony/service-contracts": "^2.5|^3",
                "symfony/yaml": "^5.4|^6.0"
            },
            "type": "library",
            "autoload": {
                "files": [
                    "Resources/functions.php"
                ],
                "psr-4": {
                    "Symfony\\Component\\Translation\\": ""
                },
                "exclude-from-classmap": [
                    "/Tests/"
                ]
            },
            "notification-url": "https://packagist.org/downloads/",
            "license": [
                "MIT"
            ],
            "authors": [
                {
                    "name": "Fabien Potencier",
                    "email": "fabien@symfony.com"
                },
                {
                    "name": "Symfony Community",
                    "homepage": "https://symfony.com/contributors"
                }
            ],
            "description": "Provides tools to internationalize your application",
            "homepage": "https://symfony.com",
            "support": {
                "source": "https://github.com/symfony/translation/tree/v6.3.3"
            },
            "funding": [
                {
                    "url": "https://symfony.com/sponsor",
                    "type": "custom"
                },
                {
                    "url": "https://github.com/fabpot",
                    "type": "github"
                },
                {
                    "url": "https://tidelift.com/funding/github/packagist/symfony/symfony",
                    "type": "tidelift"
                }
            ],
            "time": "2023-07-31T07:08:24+00:00"
        },
        {
            "name": "symfony/translation-contracts",
            "version": "v3.3.0",
            "source": {
                "type": "git",
                "url": "https://github.com/symfony/translation-contracts.git",
                "reference": "02c24deb352fb0d79db5486c0c79905a85e37e86"
            },
            "dist": {
                "type": "zip",
                "url": "https://api.github.com/repos/symfony/translation-contracts/zipball/02c24deb352fb0d79db5486c0c79905a85e37e86",
                "reference": "02c24deb352fb0d79db5486c0c79905a85e37e86",
                "shasum": ""
            },
            "require": {
                "php": ">=8.1"
            },
            "type": "library",
            "extra": {
                "branch-alias": {
                    "dev-main": "3.4-dev"
                },
                "thanks": {
                    "name": "symfony/contracts",
                    "url": "https://github.com/symfony/contracts"
                }
            },
            "autoload": {
                "psr-4": {
                    "Symfony\\Contracts\\Translation\\": ""
                },
                "exclude-from-classmap": [
                    "/Test/"
                ]
            },
            "notification-url": "https://packagist.org/downloads/",
            "license": [
                "MIT"
            ],
            "authors": [
                {
                    "name": "Nicolas Grekas",
                    "email": "p@tchwork.com"
                },
                {
                    "name": "Symfony Community",
                    "homepage": "https://symfony.com/contributors"
                }
            ],
            "description": "Generic abstractions related to translation",
            "homepage": "https://symfony.com",
            "keywords": [
                "abstractions",
                "contracts",
                "decoupling",
                "interfaces",
                "interoperability",
                "standards"
            ],
            "support": {
                "source": "https://github.com/symfony/translation-contracts/tree/v3.3.0"
            },
            "funding": [
                {
                    "url": "https://symfony.com/sponsor",
                    "type": "custom"
                },
                {
                    "url": "https://github.com/fabpot",
                    "type": "github"
                },
                {
                    "url": "https://tidelift.com/funding/github/packagist/symfony/symfony",
                    "type": "tidelift"
                }
            ],
            "time": "2023-05-30T17:17:10+00:00"
        }
    ],
    "packages-dev": [],
    "aliases": [],
    "minimum-stability": "stable",
    "stability-flags": [],
    "prefer-stable": false,
    "prefer-lowest": false,
    "platform": {
        "php": "^8.1.2"
    },
    "platform-dev": [],
    "plugin-api-version": "2.3.0"
}
