{
    "_readme": [
        "This file locks the dependencies of your project to a known state",
        "Read more about it at https://getcomposer.org/doc/01-basic-usage.md#installing-dependencies",
        "This file is @generated automatically"
    ],
    "content-hash": "764a57c4912a8a7a0cfab1f5a84a7f7d",
    "packages": [],
    "packages-dev": [
        {
            "name": "phpstan/extension-installer",
            "version": "1.4.3",
            "source": {
                "type": "git",
                "url": "https://github.com/phpstan/extension-installer.git",
                "reference": "85e90b3942d06b2326fba0403ec24fe912372936"
            },
            "dist": {
                "type": "zip",
                "url": "https://api.github.com/repos/phpstan/extension-installer/zipball/85e90b3942d06b2326fba0403ec24fe912372936",
                "reference": "85e90b3942d06b2326fba0403ec24fe912372936",
                "shasum": ""
            },
            "require": {
                "composer-plugin-api": "^2.0",
                "php": "^7.2 || ^8.0",
                "phpstan/phpstan": "^1.9.0 || ^2.0"
            },
            "require-dev": {
                "composer/composer": "^2.0",
                "php-parallel-lint/php-parallel-lint": "^1.2.0",
                "phpstan/phpstan-strict-rules": "^0.11 || ^0.12 || ^1.0"
            },
            "type": "composer-plugin",
            "extra": {
                "class": "PHPStan\\ExtensionInstaller\\Plugin"
            },
            "autoload": {
                "psr-4": {
                    "PHPStan\\ExtensionInstaller\\": "src/"
                }
            },
            "notification-url": "https://packagist.org/downloads/",
            "license": [
                "MIT"
            ],
            "description": "Composer plugin for automatic installation of PHPStan extensions",
            "keywords": [
                "dev",
                "static analysis"
            ],
            "support": {
                "issues": "https://github.com/phpstan/extension-installer/issues",
                "source": "https://github.com/phpstan/extension-installer/tree/1.4.3"
            },
            "time": "2024-09-04T20:21:43+00:00"
        },
        {
            "name": "phpstan/phpstan",
            "version": "2.1.31",
            "dist": {
                "type": "zip",
                "url": "https://api.github.com/repos/phpstan/phpstan/zipball/ead89849d879fe203ce9292c6ef5e7e76f867b96",
                "reference": "ead89849d879fe203ce9292c6ef5e7e76f867b96",
                "shasum": ""
            },
            "require": {
                "php": "^7.4|^8.0"
            },
            "conflict": {
                "phpstan/phpstan-shim": "*"
            },
            "bin": [
                "phpstan",
                "phpstan.phar"
            ],
            "type": "library",
            "autoload": {
                "files": [
                    "bootstrap.php"
                ]
            },
            "notification-url": "https://packagist.org/downloads/",
            "license": [
                "MIT"
            ],
            "description": "PHPStan - PHP Static Analysis Tool",
            "keywords": [
                "dev",
                "static analysis"
            ],
            "support": {
                "docs": "https://phpstan.org/user-guide/getting-started",
                "forum": "https://github.com/phpstan/phpstan/discussions",
                "issues": "https://github.com/phpstan/phpstan/issues",
                "security": "https://github.com/phpstan/phpstan/security/policy",
                "source": "https://github.com/phpstan/phpstan-src"
            },
            "funding": [
                {
                    "url": "https://github.com/ondrejmirtes",
                    "type": "github"
                },
                {
                    "url": "https://github.com/phpstan",
                    "type": "github"
                }
            ],
            "time": "2025-10-10T14:14:11+00:00"
        },
        {
            "name": "phpstan/phpstan-doctrine",
            "version": "2.0.10",
            "source": {
                "type": "git",
                "url": "https://github.com/phpstan/phpstan-doctrine.git",
                "reference": "5eaf37b87288474051469aee9f937fc9d862f330"
            },
            "dist": {
                "type": "zip",
                "url": "https://api.github.com/repos/phpstan/phpstan-doctrine/zipball/5eaf37b87288474051469aee9f937fc9d862f330",
                "reference": "5eaf37b87288474051469aee9f937fc9d862f330",
                "shasum": ""
            },
            "require": {
                "php": "^7.4 || ^8.0",
                "phpstan/phpstan": "^2.1.13"
            },
            "conflict": {
                "doctrine/collections": "<1.0",
                "doctrine/common": "<2.7",
                "doctrine/mongodb-odm": "<1.2",
                "doctrine/orm": "<2.5",
                "doctrine/persistence": "<1.3"
            },
            "require-dev": {
                "cache/array-adapter": "^1.1",
                "composer/semver": "^3.3.2",
                "cweagans/composer-patches": "^1.7.3",
                "doctrine/annotations": "^2.0",
                "doctrine/collections": "^1.6 || ^2.1",
                "doctrine/common": "^2.7 || ^3.0",
                "doctrine/dbal": "^3.3.8",
                "doctrine/lexer": "^2.0 || ^3.0",
                "doctrine/mongodb-odm": "^2.4.3",
                "doctrine/orm": "^2.16.0",
                "doctrine/persistence": "^2.2.1 || ^3.2",
                "gedmo/doctrine-extensions": "^3.8",
                "nesbot/carbon": "^2.49",
                "php-parallel-lint/php-parallel-lint": "^1.2",
                "phpstan/phpstan-deprecation-rules": "^2.0.2",
                "phpstan/phpstan-phpunit": "^2.0",
                "phpstan/phpstan-strict-rules": "^2.0",
                "phpunit/phpunit": "^9.6.20",
                "ramsey/uuid": "^4.2",
                "symfony/cache": "^5.4",
                "symfony/uid": "^5.4 || ^6.4 || ^7.3"
            },
            "type": "phpstan-extension",
            "extra": {
                "phpstan": {
                    "includes": [
                        "extension.neon",
                        "rules.neon"
                    ]
                }
            },
            "autoload": {
                "psr-4": {
                    "PHPStan\\": "src/"
                }
            },
            "notification-url": "https://packagist.org/downloads/",
            "license": [
                "MIT"
            ],
            "description": "Doctrine extensions for PHPStan",
            "support": {
                "issues": "https://github.com/phpstan/phpstan-doctrine/issues",
                "source": "https://github.com/phpstan/phpstan-doctrine/tree/2.0.10"
            },
            "time": "2025-10-06T10:01:02+00:00"
        },
        {
            "name": "phpstan/phpstan-phpunit",
            "version": "2.0.7",
            "source": {
                "type": "git",
                "url": "https://github.com/phpstan/phpstan-phpunit.git",
                "reference": "9a9b161baee88a5f5c58d816943cff354ff233dc"
            },
            "dist": {
                "type": "zip",
                "url": "https://api.github.com/repos/phpstan/phpstan-phpunit/zipball/9a9b161baee88a5f5c58d816943cff354ff233dc",
                "reference": "9a9b161baee88a5f5c58d816943cff354ff233dc",
                "shasum": ""
            },
            "require": {
                "php": "^7.4 || ^8.0",
                "phpstan/phpstan": "^2.1.18"
            },
            "conflict": {
                "phpunit/phpunit": "<7.0"
            },
            "require-dev": {
                "nikic/php-parser": "^5",
                "php-parallel-lint/php-parallel-lint": "^1.2",
                "phpstan/phpstan-deprecation-rules": "^2.0",
                "phpstan/phpstan-strict-rules": "^2.0",
                "phpunit/phpunit": "^9.6"
            },
            "type": "phpstan-extension",
            "extra": {
                "phpstan": {
                    "includes": [
                        "extension.neon",
                        "rules.neon"
                    ]
                }
            },
            "autoload": {
                "psr-4": {
                    "PHPStan\\": "src/"
                }
            },
            "notification-url": "https://packagist.org/downloads/",
            "license": [
                "MIT"
            ],
            "description": "PHPUnit extensions and rules for PHPStan",
            "support": {
                "issues": "https://github.com/phpstan/phpstan-phpunit/issues",
                "source": "https://github.com/phpstan/phpstan-phpunit/tree/2.0.7"
            },
            "time": "2025-07-13T11:31:46+00:00"
        }
    ],
    "aliases": [],
    "minimum-stability": "stable",
    "stability-flags": {},
    "prefer-stable": false,
    "prefer-lowest": false,
    "platform": {
        "php": ">=8.3"
    },
    "platform-dev": {},
    "plugin-api-version": "2.6.0"
}
