#
#    ___                   _   _      
#   / _ \                 | | (_)     
#  | |_| | __ _  ___ _ __ | |_ _  ___ 
#  |  _  |/ _` |/ _ \ '_ \| __| |/ __|
#  | | | | (_| |  __/ | | | |_| | (__ 
#  \_| |_/\__, |\___|_| |_|\__|_|\___|
#          __/ |
#  _    _ |___/ 
# | |  | |                / _| |
# | |  | | ___ _ __ _  __| |_| | _____      ____
# | |/\| |/ _ \ '__| |/ /|  _| |/ _ \ \ /\ / / ___|
# \  /\  / (_) | | | | ( | | | | (_) \ V  V /\__ \
#  \/  \/ \___/|_| |_|\_\|_| |_|\___/ \_/\_/ |___/
#
# This file was automatically generated by gh-aw (v0.45.4). DO NOT EDIT.
#
# To update this file, edit the corresponding .md file and run:
#   gh aw compile
# Not all edits will cause changes to this file.
#
# For more information: https://github.github.com/gh-aw/introduction/overview/
#
# Analyzes new issues and discussions containing PHPStan playground links and generates a helpful response in the step summary.
#
# frontmatter-hash: 12ab2e7546847269ba647ecb21b3d643083e35e55cf18f633de412d831b9cf39

name: "Respond to Issues and Discussions"
"on":
  discussion:
    types:
    - created
  discussion_comment:
    types:
    - created
  issues:
    types:
    - opened
  workflow_dispatch:

permissions: {}

concurrency:
  group: "gh-aw-${{ github.workflow }}-${{ github.event.issue.number || github.event.discussion.number }}"

run-name: "Respond to Issues and Discussions"

jobs:
  activation:
    needs: pre_activation
    if: needs.pre_activation.outputs.activated == 'true'
    runs-on: ubuntu-slim
    permissions:
      contents: read
    outputs:
      comment_id: ""
      comment_repo: ""
    steps:
      - name: Setup Scripts
        uses: github/gh-aw/actions/setup@ac090214a48a1938f7abafe132460b66752261af # v0.45.4
        with:
          destination: /opt/gh-aw/actions
      - name: Checkout .github and .agents folders
        uses: actions/checkout@de0fac2e4500dabe0009e67214ff5f5447ce83dd # v6.0.2
        with:
          sparse-checkout: |
            .github
            .agents
          fetch-depth: 1
          persist-credentials: false
      - name: Check workflow file timestamps
        uses: actions/github-script@ed597411d8f924073f98dfc5c65a23a2325f34cd # v8
        env:
          GH_AW_WORKFLOW_FILE: "respond-to-issues.lock.yml"
        with:
          script: |
            const { setupGlobals } = require('/opt/gh-aw/actions/setup_globals.cjs');
            setupGlobals(core, github, context, exec, io);
            const { main } = require('/opt/gh-aw/actions/check_workflow_timestamp_api.cjs');
            await main();
      - name: Create prompt with built-in context
        env:
          GH_AW_PROMPT: /tmp/gh-aw/aw-prompts/prompt.txt
          GH_AW_GITHUB_ACTOR: ${{ github.actor }}
          GH_AW_GITHUB_EVENT_COMMENT_ID: ${{ github.event.comment.id }}
          GH_AW_GITHUB_EVENT_DISCUSSION_NUMBER: ${{ github.event.discussion.number }}
          GH_AW_GITHUB_EVENT_ISSUE_NUMBER: ${{ github.event.issue.number }}
          GH_AW_GITHUB_EVENT_PULL_REQUEST_NUMBER: ${{ github.event.pull_request.number }}
          GH_AW_GITHUB_REPOSITORY: ${{ github.repository }}
          GH_AW_GITHUB_RUN_ID: ${{ github.run_id }}
          GH_AW_GITHUB_WORKSPACE: ${{ github.workspace }}
        run: |
          bash /opt/gh-aw/actions/create_prompt_first.sh
          cat << 'GH_AW_PROMPT_EOF' > "$GH_AW_PROMPT"
          <system>
          GH_AW_PROMPT_EOF
          cat "/opt/gh-aw/prompts/xpia.md" >> "$GH_AW_PROMPT"
          cat "/opt/gh-aw/prompts/temp_folder_prompt.md" >> "$GH_AW_PROMPT"
          cat "/opt/gh-aw/prompts/markdown.md" >> "$GH_AW_PROMPT"
          cat << 'GH_AW_PROMPT_EOF' >> "$GH_AW_PROMPT"
          <github-context>
          The following GitHub context information is available for this workflow:
          {{#if __GH_AW_GITHUB_ACTOR__ }}
          - **actor**: __GH_AW_GITHUB_ACTOR__
          {{/if}}
          {{#if __GH_AW_GITHUB_REPOSITORY__ }}
          - **repository**: __GH_AW_GITHUB_REPOSITORY__
          {{/if}}
          {{#if __GH_AW_GITHUB_WORKSPACE__ }}
          - **workspace**: __GH_AW_GITHUB_WORKSPACE__
          {{/if}}
          {{#if __GH_AW_GITHUB_EVENT_ISSUE_NUMBER__ }}
          - **issue-number**: #__GH_AW_GITHUB_EVENT_ISSUE_NUMBER__
          {{/if}}
          {{#if __GH_AW_GITHUB_EVENT_DISCUSSION_NUMBER__ }}
          - **discussion-number**: #__GH_AW_GITHUB_EVENT_DISCUSSION_NUMBER__
          {{/if}}
          {{#if __GH_AW_GITHUB_EVENT_PULL_REQUEST_NUMBER__ }}
          - **pull-request-number**: #__GH_AW_GITHUB_EVENT_PULL_REQUEST_NUMBER__
          {{/if}}
          {{#if __GH_AW_GITHUB_EVENT_COMMENT_ID__ }}
          - **comment-id**: __GH_AW_GITHUB_EVENT_COMMENT_ID__
          {{/if}}
          {{#if __GH_AW_GITHUB_RUN_ID__ }}
          - **workflow-run-id**: __GH_AW_GITHUB_RUN_ID__
          {{/if}}
          </github-context>
          
          GH_AW_PROMPT_EOF
          cat << 'GH_AW_PROMPT_EOF' >> "$GH_AW_PROMPT"
          </system>
          GH_AW_PROMPT_EOF
          cat << 'GH_AW_PROMPT_EOF' >> "$GH_AW_PROMPT"
          {{#runtime-import .github/workflows/respond-to-issues.md}}
          GH_AW_PROMPT_EOF
      - name: Interpolate variables and render templates
        uses: actions/github-script@ed597411d8f924073f98dfc5c65a23a2325f34cd # v8
        env:
          GH_AW_PROMPT: /tmp/gh-aw/aw-prompts/prompt.txt
        with:
          script: |
            const { setupGlobals } = require('/opt/gh-aw/actions/setup_globals.cjs');
            setupGlobals(core, github, context, exec, io);
            const { main } = require('/opt/gh-aw/actions/interpolate_prompt.cjs');
            await main();
      - name: Substitute placeholders
        uses: actions/github-script@ed597411d8f924073f98dfc5c65a23a2325f34cd # v8
        env:
          GH_AW_PROMPT: /tmp/gh-aw/aw-prompts/prompt.txt
          GH_AW_GITHUB_ACTOR: ${{ github.actor }}
          GH_AW_GITHUB_EVENT_COMMENT_ID: ${{ github.event.comment.id }}
          GH_AW_GITHUB_EVENT_DISCUSSION_NUMBER: ${{ github.event.discussion.number }}
          GH_AW_GITHUB_EVENT_ISSUE_NUMBER: ${{ github.event.issue.number }}
          GH_AW_GITHUB_EVENT_PULL_REQUEST_NUMBER: ${{ github.event.pull_request.number }}
          GH_AW_GITHUB_REPOSITORY: ${{ github.repository }}
          GH_AW_GITHUB_RUN_ID: ${{ github.run_id }}
          GH_AW_GITHUB_WORKSPACE: ${{ github.workspace }}
          GH_AW_NEEDS_PRE_ACTIVATION_OUTPUTS_ACTIVATED: ${{ needs.pre_activation.outputs.activated }}
          GH_AW_NEEDS_PRE_ACTIVATION_OUTPUTS_MATCHED_COMMAND: ${{ needs.pre_activation.outputs.matched_command }}
        with:
          script: |
            const { setupGlobals } = require('/opt/gh-aw/actions/setup_globals.cjs');
            setupGlobals(core, github, context, exec, io);
            
            const substitutePlaceholders = require('/opt/gh-aw/actions/substitute_placeholders.cjs');
            
            // Call the substitution function
            return await substitutePlaceholders({
              file: process.env.GH_AW_PROMPT,
              substitutions: {
                GH_AW_GITHUB_ACTOR: process.env.GH_AW_GITHUB_ACTOR,
                GH_AW_GITHUB_EVENT_COMMENT_ID: process.env.GH_AW_GITHUB_EVENT_COMMENT_ID,
                GH_AW_GITHUB_EVENT_DISCUSSION_NUMBER: process.env.GH_AW_GITHUB_EVENT_DISCUSSION_NUMBER,
                GH_AW_GITHUB_EVENT_ISSUE_NUMBER: process.env.GH_AW_GITHUB_EVENT_ISSUE_NUMBER,
                GH_AW_GITHUB_EVENT_PULL_REQUEST_NUMBER: process.env.GH_AW_GITHUB_EVENT_PULL_REQUEST_NUMBER,
                GH_AW_GITHUB_REPOSITORY: process.env.GH_AW_GITHUB_REPOSITORY,
                GH_AW_GITHUB_RUN_ID: process.env.GH_AW_GITHUB_RUN_ID,
                GH_AW_GITHUB_WORKSPACE: process.env.GH_AW_GITHUB_WORKSPACE,
                GH_AW_NEEDS_PRE_ACTIVATION_OUTPUTS_ACTIVATED: process.env.GH_AW_NEEDS_PRE_ACTIVATION_OUTPUTS_ACTIVATED,
                GH_AW_NEEDS_PRE_ACTIVATION_OUTPUTS_MATCHED_COMMAND: process.env.GH_AW_NEEDS_PRE_ACTIVATION_OUTPUTS_MATCHED_COMMAND
              }
            });
      - name: Validate prompt placeholders
        env:
          GH_AW_PROMPT: /tmp/gh-aw/aw-prompts/prompt.txt
        run: bash /opt/gh-aw/actions/validate_prompt_placeholders.sh
      - name: Print prompt
        env:
          GH_AW_PROMPT: /tmp/gh-aw/aw-prompts/prompt.txt
        run: bash /opt/gh-aw/actions/print_prompt_summary.sh
      - name: Upload prompt artifact
        if: success()
        uses: actions/upload-artifact@b7c566a772e6b6bfb58ed0dc250532a479d7789f # v6
        with:
          name: prompt
          path: /tmp/gh-aw/aw-prompts/prompt.txt
          retention-days: 1

  agent:
    needs: activation
    runs-on: ubuntu-latest
    permissions:
      contents: read
      discussions: read
      issues: read
      pull-requests: read
    env:
      GH_AW_WORKFLOW_ID_SANITIZED: respondtoissues
    outputs:
      checkout_pr_success: ${{ steps.checkout-pr.outputs.checkout_pr_success || 'true' }}
      model: ${{ steps.generate_aw_info.outputs.model }}
      secret_verification_result: ${{ steps.validate-secret.outputs.verification_result }}
    steps:
      - name: Setup Scripts
        uses: github/gh-aw/actions/setup@ac090214a48a1938f7abafe132460b66752261af # v0.45.4
        with:
          destination: /opt/gh-aw/actions
      - name: Create gh-aw temp directory
        run: bash /opt/gh-aw/actions/create_gh_aw_tmp_dir.sh
      - uses: actions/checkout@34e114876b0b11c390a56381ad16ebd13914f8d5 # v4
        with:
          ref: 2.2.x

      - name: Configure Git credentials
        env:
          REPO_NAME: ${{ github.repository }}
          SERVER_URL: ${{ github.server_url }}
        run: |
          git config --global user.email "github-actions[bot]@users.noreply.github.com"
          git config --global user.name "github-actions[bot]"
          # Re-authenticate git with GitHub token
          SERVER_URL_STRIPPED="${SERVER_URL#https://}"
          git remote set-url origin "https://x-access-token:${{ github.token }}@${SERVER_URL_STRIPPED}/${REPO_NAME}.git"
          echo "Git configured with standard GitHub Actions identity"
      - name: Checkout PR branch
        id: checkout-pr
        if: |
          github.event.pull_request
        uses: actions/github-script@ed597411d8f924073f98dfc5c65a23a2325f34cd # v8
        env:
          GH_TOKEN: ${{ secrets.GH_AW_GITHUB_MCP_SERVER_TOKEN || secrets.GH_AW_GITHUB_TOKEN || secrets.GITHUB_TOKEN }}
        with:
          github-token: ${{ secrets.GH_AW_GITHUB_MCP_SERVER_TOKEN || secrets.GH_AW_GITHUB_TOKEN || secrets.GITHUB_TOKEN }}
          script: |
            const { setupGlobals } = require('/opt/gh-aw/actions/setup_globals.cjs');
            setupGlobals(core, github, context, exec, io);
            const { main } = require('/opt/gh-aw/actions/checkout_pr_branch.cjs');
            await main();
      - name: Generate agentic run info
        id: generate_aw_info
        uses: actions/github-script@ed597411d8f924073f98dfc5c65a23a2325f34cd # v8
        with:
          script: |
            const fs = require('fs');
            
            const awInfo = {
              engine_id: "claude",
              engine_name: "Claude Code",
              model: "claude-opus-4-6",
              version: "",
              agent_version: "2.1.42",
              cli_version: "v0.45.4",
              workflow_name: "Respond to Issues and Discussions",
              experimental: false,
              supports_tools_allowlist: true,
              run_id: context.runId,
              run_number: context.runNumber,
              run_attempt: process.env.GITHUB_RUN_ATTEMPT,
              repository: context.repo.owner + '/' + context.repo.repo,
              ref: context.ref,
              sha: context.sha,
              actor: context.actor,
              event_name: context.eventName,
              staged: false,
              allowed_domains: ["defaults"],
              firewall_enabled: true,
              awf_version: "v0.19.1",
              awmg_version: "v0.1.4",
              steps: {
                firewall: "squid"
              },
              created_at: new Date().toISOString()
            };
            
            // Write to /tmp/gh-aw directory to avoid inclusion in PR
            const tmpPath = '/tmp/gh-aw/aw_info.json';
            fs.writeFileSync(tmpPath, JSON.stringify(awInfo, null, 2));
            console.log('Generated aw_info.json at:', tmpPath);
            console.log(JSON.stringify(awInfo, null, 2));
            
            // Set model as output for reuse in other steps/jobs
            core.setOutput('model', awInfo.model);
      - name: Validate CLAUDE_CODE_OAUTH_TOKEN or ANTHROPIC_API_KEY secret
        id: validate-secret
        run: /opt/gh-aw/actions/validate_multi_secret.sh CLAUDE_CODE_OAUTH_TOKEN ANTHROPIC_API_KEY 'Claude Code' https://github.github.com/gh-aw/reference/engines/#anthropic-claude-code
        env:
          CLAUDE_CODE_OAUTH_TOKEN: ${{ secrets.CLAUDE_CODE_OAUTH_TOKEN }}
          ANTHROPIC_API_KEY: ${{ secrets.ANTHROPIC_API_KEY }}
      - name: Setup Node.js
        uses: actions/setup-node@6044e13b5dc448c55e2357c09f80417699197238 # v6.2.0
        with:
          node-version: '24'
          package-manager-cache: false
      - name: Install awf binary
        run: bash /opt/gh-aw/actions/install_awf_binary.sh v0.19.1
      - name: Install Claude Code CLI
        run: npm install -g --silent @anthropic-ai/claude-code@2.1.42
      - name: Determine automatic lockdown mode for GitHub MCP Server
        id: determine-automatic-lockdown
        uses: actions/github-script@ed597411d8f924073f98dfc5c65a23a2325f34cd # v8
        env:
          GH_AW_GITHUB_TOKEN: ${{ secrets.GH_AW_GITHUB_TOKEN }}
          GH_AW_GITHUB_MCP_SERVER_TOKEN: ${{ secrets.GH_AW_GITHUB_MCP_SERVER_TOKEN }}
        with:
          script: |
            const determineAutomaticLockdown = require('/opt/gh-aw/actions/determine_automatic_lockdown.cjs');
            await determineAutomaticLockdown(github, context, core);
      - name: Download container images
        run: bash /opt/gh-aw/actions/download_docker_images.sh ghcr.io/github/gh-aw-firewall/agent:0.19.1 ghcr.io/github/gh-aw-firewall/api-proxy:0.19.1 ghcr.io/github/gh-aw-firewall/squid:0.19.1 ghcr.io/github/gh-aw-mcpg:v0.1.4 ghcr.io/github/github-mcp-server:v0.30.3
      - name: Start MCP Gateway
        id: start-mcp-gateway
        env:
          GITHUB_MCP_LOCKDOWN: ${{ steps.determine-automatic-lockdown.outputs.lockdown == 'true' && '1' || '0' }}
          GITHUB_MCP_SERVER_TOKEN: ${{ secrets.GH_AW_GITHUB_MCP_SERVER_TOKEN || secrets.GH_AW_GITHUB_TOKEN || secrets.GITHUB_TOKEN }}
        run: |
          set -eo pipefail
          mkdir -p /tmp/gh-aw/mcp-config
          
          # Export gateway environment variables for MCP config and gateway script
          export MCP_GATEWAY_PORT="80"
          export MCP_GATEWAY_DOMAIN="host.docker.internal"
          MCP_GATEWAY_API_KEY=$(openssl rand -base64 45 | tr -d '/+=')
          echo "::add-mask::${MCP_GATEWAY_API_KEY}"
          export MCP_GATEWAY_API_KEY
          export MCP_GATEWAY_PAYLOAD_DIR="/tmp/gh-aw/mcp-payloads"
          mkdir -p "${MCP_GATEWAY_PAYLOAD_DIR}"
          export DEBUG="*"
          
          export GH_AW_ENGINE="claude"
          export MCP_GATEWAY_DOCKER_COMMAND='docker run -i --rm --network host -v /var/run/docker.sock:/var/run/docker.sock -e MCP_GATEWAY_PORT -e MCP_GATEWAY_DOMAIN -e MCP_GATEWAY_API_KEY -e MCP_GATEWAY_PAYLOAD_DIR -e DEBUG -e MCP_GATEWAY_LOG_DIR -e GH_AW_MCP_LOG_DIR -e GH_AW_SAFE_OUTPUTS -e GH_AW_SAFE_OUTPUTS_CONFIG_PATH -e GH_AW_SAFE_OUTPUTS_TOOLS_PATH -e GH_AW_ASSETS_BRANCH -e GH_AW_ASSETS_MAX_SIZE_KB -e GH_AW_ASSETS_ALLOWED_EXTS -e DEFAULT_BRANCH -e GITHUB_MCP_SERVER_TOKEN -e GITHUB_MCP_LOCKDOWN -e GITHUB_REPOSITORY -e GITHUB_SERVER_URL -e GITHUB_SHA -e GITHUB_WORKSPACE -e GITHUB_TOKEN -e GITHUB_RUN_ID -e GITHUB_RUN_NUMBER -e GITHUB_RUN_ATTEMPT -e GITHUB_JOB -e GITHUB_ACTION -e GITHUB_EVENT_NAME -e GITHUB_EVENT_PATH -e GITHUB_ACTOR -e GITHUB_ACTOR_ID -e GITHUB_TRIGGERING_ACTOR -e GITHUB_WORKFLOW -e GITHUB_WORKFLOW_REF -e GITHUB_WORKFLOW_SHA -e GITHUB_REF -e GITHUB_REF_NAME -e GITHUB_REF_TYPE -e GITHUB_HEAD_REF -e GITHUB_BASE_REF -v /tmp/gh-aw/mcp-payloads:/tmp/gh-aw/mcp-payloads:rw -v /opt:/opt:ro -v /tmp:/tmp:rw -v '"${GITHUB_WORKSPACE}"':'"${GITHUB_WORKSPACE}"':rw ghcr.io/github/gh-aw-mcpg:v0.1.4'
          
          cat << GH_AW_MCP_CONFIG_EOF | bash /opt/gh-aw/actions/start_mcp_gateway.sh
          {
            "mcpServers": {
              "github": {
                "container": "ghcr.io/github/github-mcp-server:v0.30.3",
                "env": {
                  "GITHUB_LOCKDOWN_MODE": "$GITHUB_MCP_LOCKDOWN",
                  "GITHUB_PERSONAL_ACCESS_TOKEN": "$GITHUB_MCP_SERVER_TOKEN",
                  "GITHUB_READ_ONLY": "1",
                  "GITHUB_TOOLSETS": "context,repos,issues,pull_requests,discussions"
                }
              }
            },
            "gateway": {
              "port": $MCP_GATEWAY_PORT,
              "domain": "${MCP_GATEWAY_DOMAIN}",
              "apiKey": "${MCP_GATEWAY_API_KEY}",
              "payloadDir": "${MCP_GATEWAY_PAYLOAD_DIR}"
            }
          }
          GH_AW_MCP_CONFIG_EOF
      - name: Generate workflow overview
        uses: actions/github-script@ed597411d8f924073f98dfc5c65a23a2325f34cd # v8
        with:
          script: |
            const { generateWorkflowOverview } = require('/opt/gh-aw/actions/generate_workflow_overview.cjs');
            await generateWorkflowOverview(core);
      - name: Download prompt artifact
        uses: actions/download-artifact@018cc2cf5baa6db3ef3c5f8a56943fffe632ef53 # v6
        with:
          name: prompt
          path: /tmp/gh-aw/aw-prompts
      - name: Clean git credentials
        run: bash /opt/gh-aw/actions/clean_git_credentials.sh
      - name: Execute Claude Code CLI
        id: agentic_execution
        # Allowed tools (sorted):
        # - Bash
        # - BashOutput
        # - Edit
        # - ExitPlanMode
        # - Glob
        # - Grep
        # - KillBash
        # - LS
        # - MultiEdit
        # - NotebookEdit
        # - NotebookRead
        # - Read
        # - Task
        # - TodoWrite
        # - WebFetch
        # - Write
        # - mcp__github__download_workflow_run_artifact
        # - mcp__github__get_code_scanning_alert
        # - mcp__github__get_commit
        # - mcp__github__get_dependabot_alert
        # - mcp__github__get_discussion
        # - mcp__github__get_discussion_comments
        # - mcp__github__get_file_contents
        # - mcp__github__get_job_logs
        # - mcp__github__get_label
        # - mcp__github__get_latest_release
        # - mcp__github__get_me
        # - mcp__github__get_notification_details
        # - mcp__github__get_pull_request
        # - mcp__github__get_pull_request_comments
        # - mcp__github__get_pull_request_diff
        # - mcp__github__get_pull_request_files
        # - mcp__github__get_pull_request_review_comments
        # - mcp__github__get_pull_request_reviews
        # - mcp__github__get_pull_request_status
        # - mcp__github__get_release_by_tag
        # - mcp__github__get_secret_scanning_alert
        # - mcp__github__get_tag
        # - mcp__github__get_workflow_run
        # - mcp__github__get_workflow_run_logs
        # - mcp__github__get_workflow_run_usage
        # - mcp__github__issue_read
        # - mcp__github__list_branches
        # - mcp__github__list_code_scanning_alerts
        # - mcp__github__list_commits
        # - mcp__github__list_dependabot_alerts
        # - mcp__github__list_discussion_categories
        # - mcp__github__list_discussions
        # - mcp__github__list_issue_types
        # - mcp__github__list_issues
        # - mcp__github__list_label
        # - mcp__github__list_notifications
        # - mcp__github__list_pull_requests
        # - mcp__github__list_releases
        # - mcp__github__list_secret_scanning_alerts
        # - mcp__github__list_starred_repositories
        # - mcp__github__list_tags
        # - mcp__github__list_workflow_jobs
        # - mcp__github__list_workflow_run_artifacts
        # - mcp__github__list_workflow_runs
        # - mcp__github__list_workflows
        # - mcp__github__pull_request_read
        # - mcp__github__search_code
        # - mcp__github__search_issues
        # - mcp__github__search_orgs
        # - mcp__github__search_pull_requests
        # - mcp__github__search_repositories
        # - mcp__github__search_users
        timeout-minutes: 30
        run: |
          set -o pipefail
          sudo -E awf --tty --env-all --container-workdir "${GITHUB_WORKSPACE}" --allow-domains '*.githubusercontent.com,anthropic.com,api.anthropic.com,api.github.com,api.snapcraft.io,archive.ubuntu.com,azure.archive.ubuntu.com,cdn.playwright.dev,codeload.github.com,crl.geotrust.com,crl.globalsign.com,crl.identrust.com,crl.sectigo.com,crl.thawte.com,crl.usertrust.com,crl.verisign.com,crl3.digicert.com,crl4.digicert.com,crls.ssl.com,files.pythonhosted.org,ghcr.io,github-cloud.githubusercontent.com,github-cloud.s3.amazonaws.com,github.com,host.docker.internal,json-schema.org,json.schemastore.org,keyserver.ubuntu.com,lfs.github.com,objects.githubusercontent.com,ocsp.digicert.com,ocsp.geotrust.com,ocsp.globalsign.com,ocsp.identrust.com,ocsp.sectigo.com,ocsp.ssl.com,ocsp.thawte.com,ocsp.usertrust.com,ocsp.verisign.com,packagecloud.io,packages.cloud.google.com,packages.microsoft.com,playwright.download.prss.microsoft.com,ppa.launchpad.net,pypi.org,raw.githubusercontent.com,registry.npmjs.org,s.symcb.com,s.symcd.com,security.ubuntu.com,sentry.io,statsig.anthropic.com,ts-crl.ws.symantec.com,ts-ocsp.ws.symantec.com' --log-level info --proxy-logs-dir /tmp/gh-aw/sandbox/firewall/logs --enable-host-access --image-tag 0.19.1 --skip-pull --enable-api-proxy \
            -- /bin/bash -c 'export PATH="$(find /opt/hostedtoolcache -maxdepth 4 -type d -name bin 2>/dev/null | tr '\''\n'\'' '\'':'\'')$PATH"; [ -n "$GOROOT" ] && export PATH="$GOROOT/bin:$PATH" || true && claude --print --disable-slash-commands --no-chrome --model claude-opus-4-6 --mcp-config /tmp/gh-aw/mcp-config/mcp-servers.json --allowed-tools Bash,BashOutput,Edit,ExitPlanMode,Glob,Grep,KillBash,LS,MultiEdit,NotebookEdit,NotebookRead,Read,Task,TodoWrite,WebFetch,Write,mcp__github__download_workflow_run_artifact,mcp__github__get_code_scanning_alert,mcp__github__get_commit,mcp__github__get_dependabot_alert,mcp__github__get_discussion,mcp__github__get_discussion_comments,mcp__github__get_file_contents,mcp__github__get_job_logs,mcp__github__get_label,mcp__github__get_latest_release,mcp__github__get_me,mcp__github__get_notification_details,mcp__github__get_pull_request,mcp__github__get_pull_request_comments,mcp__github__get_pull_request_diff,mcp__github__get_pull_request_files,mcp__github__get_pull_request_review_comments,mcp__github__get_pull_request_reviews,mcp__github__get_pull_request_status,mcp__github__get_release_by_tag,mcp__github__get_secret_scanning_alert,mcp__github__get_tag,mcp__github__get_workflow_run,mcp__github__get_workflow_run_logs,mcp__github__get_workflow_run_usage,mcp__github__issue_read,mcp__github__list_branches,mcp__github__list_code_scanning_alerts,mcp__github__list_commits,mcp__github__list_dependabot_alerts,mcp__github__list_discussion_categories,mcp__github__list_discussions,mcp__github__list_issue_types,mcp__github__list_issues,mcp__github__list_label,mcp__github__list_notifications,mcp__github__list_pull_requests,mcp__github__list_releases,mcp__github__list_secret_scanning_alerts,mcp__github__list_starred_repositories,mcp__github__list_tags,mcp__github__list_workflow_jobs,mcp__github__list_workflow_run_artifacts,mcp__github__list_workflow_runs,mcp__github__list_workflows,mcp__github__pull_request_read,mcp__github__search_code,mcp__github__search_issues,mcp__github__search_orgs,mcp__github__search_pull_requests,mcp__github__search_repositories,mcp__github__search_users --debug-file /tmp/gh-aw/agent-stdio.log --verbose --permission-mode bypassPermissions --output-format stream-json "$(cat /tmp/gh-aw/aw-prompts/prompt.txt)"' 2>&1 | tee -a /tmp/gh-aw/agent-stdio.log
        env:
          ANTHROPIC_API_KEY: ${{ secrets.ANTHROPIC_API_KEY }}
          BASH_DEFAULT_TIMEOUT_MS: 60000
          BASH_MAX_TIMEOUT_MS: 60000
          CLAUDE_CODE_OAUTH_TOKEN: ${{ secrets.CLAUDE_CODE_OAUTH_TOKEN }}
          DISABLE_BUG_COMMAND: 1
          DISABLE_ERROR_REPORTING: 1
          DISABLE_TELEMETRY: 1
          GH_AW_MCP_CONFIG: /tmp/gh-aw/mcp-config/mcp-servers.json
          GH_AW_PROMPT: /tmp/gh-aw/aw-prompts/prompt.txt
          GITHUB_WORKSPACE: ${{ github.workspace }}
          MCP_TIMEOUT: 120000
          MCP_TOOL_TIMEOUT: 60000
      - name: Configure Git credentials
        env:
          REPO_NAME: ${{ github.repository }}
          SERVER_URL: ${{ github.server_url }}
        run: |
          git config --global user.email "github-actions[bot]@users.noreply.github.com"
          git config --global user.name "github-actions[bot]"
          # Re-authenticate git with GitHub token
          SERVER_URL_STRIPPED="${SERVER_URL#https://}"
          git remote set-url origin "https://x-access-token:${{ github.token }}@${SERVER_URL_STRIPPED}/${REPO_NAME}.git"
          echo "Git configured with standard GitHub Actions identity"
      - name: Stop MCP Gateway
        if: always()
        continue-on-error: true
        env:
          MCP_GATEWAY_PORT: ${{ steps.start-mcp-gateway.outputs.gateway-port }}
          MCP_GATEWAY_API_KEY: ${{ steps.start-mcp-gateway.outputs.gateway-api-key }}
          GATEWAY_PID: ${{ steps.start-mcp-gateway.outputs.gateway-pid }}
        run: |
          bash /opt/gh-aw/actions/stop_mcp_gateway.sh "$GATEWAY_PID"
      - name: Redact secrets in logs
        if: always()
        uses: actions/github-script@ed597411d8f924073f98dfc5c65a23a2325f34cd # v8
        with:
          script: |
            const { setupGlobals } = require('/opt/gh-aw/actions/setup_globals.cjs');
            setupGlobals(core, github, context, exec, io);
            const { main } = require('/opt/gh-aw/actions/redact_secrets.cjs');
            await main();
        env:
          GH_AW_SECRET_NAMES: 'ANTHROPIC_API_KEY,CLAUDE_CODE_OAUTH_TOKEN,GH_AW_GITHUB_MCP_SERVER_TOKEN,GH_AW_GITHUB_TOKEN,GITHUB_TOKEN'
          SECRET_ANTHROPIC_API_KEY: ${{ secrets.ANTHROPIC_API_KEY }}
          SECRET_CLAUDE_CODE_OAUTH_TOKEN: ${{ secrets.CLAUDE_CODE_OAUTH_TOKEN }}
          SECRET_GH_AW_GITHUB_MCP_SERVER_TOKEN: ${{ secrets.GH_AW_GITHUB_MCP_SERVER_TOKEN }}
          SECRET_GH_AW_GITHUB_TOKEN: ${{ secrets.GH_AW_GITHUB_TOKEN }}
          SECRET_GITHUB_TOKEN: ${{ secrets.GITHUB_TOKEN }}
      - name: Parse agent logs for step summary
        if: always()
        uses: actions/github-script@ed597411d8f924073f98dfc5c65a23a2325f34cd # v8
        env:
          GH_AW_AGENT_OUTPUT: /tmp/gh-aw/agent-stdio.log
        with:
          script: |
            const { setupGlobals } = require('/opt/gh-aw/actions/setup_globals.cjs');
            setupGlobals(core, github, context, exec, io);
            const { main } = require('/opt/gh-aw/actions/parse_claude_log.cjs');
            await main();
      - name: Parse MCP Gateway logs for step summary
        if: always()
        uses: actions/github-script@ed597411d8f924073f98dfc5c65a23a2325f34cd # v8
        with:
          script: |
            const { setupGlobals } = require('/opt/gh-aw/actions/setup_globals.cjs');
            setupGlobals(core, github, context, exec, io);
            const { main } = require('/opt/gh-aw/actions/parse_mcp_gateway_log.cjs');
            await main();
      - name: Print firewall logs
        if: always()
        continue-on-error: true
        env:
          AWF_LOGS_DIR: /tmp/gh-aw/sandbox/firewall/logs
        run: |
          # Fix permissions on firewall logs so they can be uploaded as artifacts
          # AWF runs with sudo, creating files owned by root
          sudo chmod -R a+r /tmp/gh-aw/sandbox/firewall/logs 2>/dev/null || true
          # Only run awf logs summary if awf command exists (it may not be installed if workflow failed before install step)
          if command -v awf &> /dev/null; then
            awf logs summary | tee -a "$GITHUB_STEP_SUMMARY"
          else
            echo 'AWF binary not installed, skipping firewall log summary'
          fi
      - name: Upload agent artifacts
        if: always()
        continue-on-error: true
        uses: actions/upload-artifact@b7c566a772e6b6bfb58ed0dc250532a479d7789f # v6
        with:
          name: agent-artifacts
          path: |
            /tmp/gh-aw/aw-prompts/prompt.txt
            /tmp/gh-aw/aw_info.json
            /tmp/gh-aw/mcp-logs/
            /tmp/gh-aw/sandbox/firewall/logs/
            /tmp/gh-aw/agent-stdio.log
            /tmp/gh-aw/agent/
          if-no-files-found: ignore

  pre_activation:
    runs-on: ubuntu-slim
    outputs:
      activated: ${{ steps.check_membership.outputs.is_team_member == 'true' }}
    steps:
      - name: Setup Scripts
        uses: github/gh-aw/actions/setup@ac090214a48a1938f7abafe132460b66752261af # v0.45.4
        with:
          destination: /opt/gh-aw/actions
      - name: Check team membership for workflow
        id: check_membership
        uses: actions/github-script@ed597411d8f924073f98dfc5c65a23a2325f34cd # v8
        env:
          GH_AW_REQUIRED_ROLES: admin,maintainer,write
        with:
          github-token: ${{ secrets.GITHUB_TOKEN }}
          script: |
            const { setupGlobals } = require('/opt/gh-aw/actions/setup_globals.cjs');
            setupGlobals(core, github, context, exec, io);
            const { main } = require('/opt/gh-aw/actions/check_membership.cjs');
            await main();

